# This file is automatically @generated by Cargo.
# It is not intended for manual editing.
[[package]]
name = "atty"
version = "0.2.13"
source = "registry+https://github.com/rust-lang/crates.io-index"
checksum = "1803c647a3ec87095e7ae7acfca019e98de5ec9a7d01343f611cf3152ed71a90"
dependencies = [
 "libc",
 "winapi",
]

[[package]]
name = "bitmaps"
version = "2.1.0"
source = "registry+https://github.com/rust-lang/crates.io-index"
checksum = "031043d04099746d8db04daf1fa424b2bc8bd69d92b25962dcde24da39ab64a2"
dependencies = [
 "typenum",
]

[[package]]
name = "colored"
version = "1.9.0"
source = "registry+https://github.com/rust-lang/crates.io-index"
checksum = "433e7ac7d511768127ed85b0c4947f47a254131e37864b2dc13f52aa32cd37e5"
dependencies = [
 "atty",
 "lazy_static",
 "winapi",
]

[[package]]
name = "im-rc"
version = "15.0.0"
source = "registry+https://github.com/rust-lang/crates.io-index"
checksum = "3ca8957e71f04a205cb162508f9326aea04676c8dfd0711220190d6b83664f3f"
dependencies = [
 "bitmaps",
 "rand_core",
 "rand_xoshiro",
 "sized-chunks",
 "typenum",
 "version_check",
]

[[package]]
name = "lazy_static"
version = "1.4.0"
source = "registry+https://github.com/rust-lang/crates.io-index"
checksum = "e2abad23fbc42b3700f2f279844dc832adb2b2eb069b2df918f455c4e18cc646"

[[package]]
name = "libc"
version = "0.2.65"
source = "registry+https://github.com/rust-lang/crates.io-index"
checksum = "1a31a0627fdf1f6a39ec0dd577e101440b7db22672c0901fe00a9a6fbb5c24e8"

[[package]]
name = "rand_core"
version = "0.5.1"
source = "registry+https://github.com/rust-lang/crates.io-index"
checksum = "90bde5296fc891b0cef12a6d03ddccc162ce7b2aff54160af9338f8d40df6d19"

[[package]]
name = "rand_xoshiro"
version = "0.4.0"
source = "registry+https://github.com/rust-lang/crates.io-index"
checksum = "a9fcdd2e881d02f1d9390ae47ad8e5696a9e4be7b547a1da2afbc61973217004"
dependencies = [
 "rand_core",
]

[[package]]
name = "same-file"
version = "1.0.5"
source = "registry+https://github.com/rust-lang/crates.io-index"
checksum = "585e8ddcedc187886a30fa705c47985c3fa88d06624095856b36ca0b82ff4421"
dependencies = [
 "winapi-util",
]

[[package]]
name = "siko"
version = "0.1.0"
dependencies = [
 "colored",
 "siko_compiler",
 "siko_constants",
 "walkdir",
]

[[package]]
name = "siko_backend"
version = "0.1.0"
dependencies = [
 "siko_constants",
 "siko_ir",
 "siko_location_info",
 "siko_mir",
 "siko_util",
]

[[package]]
name = "siko_compiler"
version = "0.1.0"
dependencies = [
 "colored",
 "siko_backend",
 "siko_constants",
 "siko_interpreter",
 "siko_ir",
 "siko_location_info",
 "siko_mir",
 "siko_name_resolver",
 "siko_parser",
 "siko_syntax",
 "siko_transpiler",
 "siko_type_checker",
 "siko_util",
]

[[package]]
name = "siko_constants"
version = "0.1.0"

[[package]]
name = "siko_interpreter"
version = "0.1.0"
dependencies = [
 "im-rc",
 "siko_constants",
 "siko_ir",
 "siko_location_info",
 "siko_util",
]

[[package]]
name = "siko_ir"
version = "0.1.0"
dependencies = [
 "siko_constants",
 "siko_location_info",
 "siko_util",
]

[[package]]
name = "siko_location_info"
version = "0.1.0"
dependencies = [
 "siko_util",
]

[[package]]
name = "siko_mir"
version = "0.1.0"
dependencies = [
 "siko_constants",
 "siko_location_info",
 "siko_util",
]

[[package]]
name = "siko_name_resolver"
version = "0.1.0"
dependencies = [
 "siko_constants",
 "siko_ir",
 "siko_location_info",
 "siko_syntax",
 "siko_util",
]

[[package]]
name = "siko_parser"
version = "0.1.0"
dependencies = [
 "siko_constants",
 "siko_location_info",
 "siko_syntax",
 "siko_util",
]

[[package]]
name = "siko_syntax"
version = "0.1.0"
dependencies = [
 "siko_constants",
 "siko_location_info",
 "siko_util",
]

[[package]]
name = "siko_transpiler"
version = "0.1.0"
dependencies = [
 "siko_constants",
 "siko_mir",
 "siko_util",
]

[[package]]
name = "siko_type_checker"
version = "0.1.0"
dependencies = [
 "siko_constants",
 "siko_ir",
 "siko_location_info",
 "siko_syntax",
 "siko_util",
]

[[package]]
name = "siko_util"
version = "0.1.0"

[[package]]
name = "sized-chunks"
version = "0.6.5"
source = "registry+https://github.com/rust-lang/crates.io-index"
checksum = "16d69225bde7a69b235da73377861095455d298f2b970996eec25ddbb42b3d1e"
dependencies = [
 "bitmaps",
 "typenum",
]

[[package]]
name = "typenum"
version = "1.13.0"
source = "registry+https://github.com/rust-lang/crates.io-index"
checksum = "879f6906492a7cd215bfa4cf595b600146ccfac0c79bcbd1f3000162af5e8b06"

[[package]]
name = "version_check"
version = "0.9.3"
source = "registry+https://github.com/rust-lang/crates.io-index"
checksum = "5fecdca9a5291cc2b8dcf7dc02453fee791a280f3743cb0905f8822ae463b3fe"

[[package]]
name = "walkdir"
version = "2.2.9"
source = "registry+https://github.com/rust-lang/crates.io-index"
checksum = "9658c94fa8b940eab2250bd5a457f9c48b748420d71293b165c8cdbe2f55f71e"
dependencies = [
 "same-file",
 "winapi",
 "winapi-util",
]

[[package]]
name = "winapi"
version = "0.3.8"
source = "registry+https://github.com/rust-lang/crates.io-index"
checksum = "8093091eeb260906a183e6ae1abdba2ef5ef2257a21801128899c3fc699229c6"
dependencies = [
 "winapi-i686-pc-windows-gnu",
 "winapi-x86_64-pc-windows-gnu",
]

[[package]]
name = "winapi-i686-pc-windows-gnu"
version = "0.4.0"
source = "registry+https://github.com/rust-lang/crates.io-index"
checksum = "ac3b87c63620426dd9b991e5ce0329eff545bccbbb34f3be09ff6fb6ab51b7b6"

[[package]]
name = "winapi-util"
version = "0.1.2"
source = "registry+https://github.com/rust-lang/crates.io-index"
checksum = "7168bab6e1daee33b4557efd0e95d5ca70a03706d39fa5f3fe7a236f584b03c9"
dependencies = [
 "winapi",
]

[[package]]
name = "winapi-x86_64-pc-windows-gnu"
version = "0.4.0"
source = "registry+https://github.com/rust-lang/crates.io-index"
checksum = "712e227841d057c1ee1cd2fb22fa7e5a5461ae8e48fa2ca79ec42cfc1931183f"
